
Microsoft Visual Studio Solution File, Format Version 12.00
# Visual Studio 14
VisualStudioVersion = 14.0.25420.1
MinimumVisualStudioVersion = 10.0.40219.1
Project("{FAE04EC0-301F-11D3-BF4B-00C04F79EFBC}") = "SQLiteNetPCLConsole", "SQLiteNetPCLConsole\SQLiteNetPCLConsole.csproj", "{1FF6DF4E-35C4-4BB7-A4DB-DD755E51465B}"
EndProject
Global
	GlobalSection(SolutionConfigurationPlatforms) = preSolution
		Debug|Any CPU = Debug|Any CPU
		Release|Any CPU = Release|Any CPU
	EndGlobalSection
	GlobalSection(ProjectConfigurationPlatforms) = postSolution
		{1FF6DF4E-35C4-4BB7-A4DB-DD755E51465B}.Debug|Any CPU.ActiveCfg = Debug|Any CPU
		{1FF6DF4E-35C4-4BB7-A4DB-DD755E51465B}.Debug|Any CPU.Build.0 = Debug|Any CPU
		{1FF6DF4E-35C4-4BB7-A4DB-DD755E51465B}.Release|Any CPU.ActiveCfg = Release|Any CPU
		{1FF6DF4E-35C4-4BB7-A4DB-DD755E51465B}.Release|Any CPU.Build.0 = Release|Any CPU
	EndGlobalSection
	GlobalSection(SolutionProperties) = preSolution
		HideSolutionNode = FALSE
	EndGlobalSection
EndGlobal
